PODS:
  - Alamofire (4.9.0)
  - AlamofireImage (3.6.0):
    - Alamofire (~> 4.9)

DEPENDENCIES:
  - Alamofire (~> 4.5)
  - AlamofireImage

SPEC REPOS:
  trunk:
    - Alamofire
    - AlamofireImage

SPEC CHECKSUMS:
  Alamofire: afc3e7c6db61476cb45cdd23fed06bad03bbc321
  AlamofireImage: be9963c6582d68b39e89191f64c82a7d7bf40fdd

PODFILE CHECKSUM: a0e3b15472a1c2c159df32fcc0ecdfb05859ee41

COCOAPODS: 1.8.3
